
Microsoft Visual Studio Solution File, Format Version 12.00
Project("{FAE04EC0-301F-11D3-BF4B-00C04F79EFBC}") = "CheckoutKata", "CheckoutKata\CheckoutKata.csproj", "{77990367-C9D0-4972-B9D6-76150DD20E76}"
EndProject
Project("{FAE04EC0-301F-11D3-BF4B-00C04F79EFBC}") = "TestProject1", "TestProject1\TestProject1.csproj", "{8860E152-09AD-4B0C-AFFE-869149B11B12}"
EndProject
Global
	GlobalSection(SolutionConfigurationPlatforms) = preSolution
		Debug|Any CPU = Debug|Any CPU
		Release|Any CPU = Release|Any CPU
	EndGlobalSection
	GlobalSection(ProjectConfigurationPlatforms) = postSolution
		{77990367-C9D0-4972-B9D6-76150DD20E76}.Debug|Any CPU.ActiveCfg = Debug|Any CPU
		{77990367-C9D0-4972-B9D6-76150DD20E76}.Debug|Any CPU.Build.0 = Debug|Any CPU
		{77990367-C9D0-4972-B9D6-76150DD20E76}.Release|Any CPU.ActiveCfg = Release|Any CPU
		{77990367-C9D0-4972-B9D6-76150DD20E76}.Release|Any CPU.Build.0 = Release|Any CPU
		{8860E152-09AD-4B0C-AFFE-869149B11B12}.Debug|Any CPU.ActiveCfg = Debug|Any CPU
		{8860E152-09AD-4B0C-AFFE-869149B11B12}.Debug|Any CPU.Build.0 = Debug|Any CPU
		{8860E152-09AD-4B0C-AFFE-869149B11B12}.Release|Any CPU.ActiveCfg = Release|Any CPU
		{8860E152-09AD-4B0C-AFFE-869149B11B12}.Release|Any CPU.Build.0 = Release|Any CPU
	EndGlobalSection
EndGlobal
